# THIS IS AN AUTOGENERATED FILE. DO NOT EDIT THIS FILE DIRECTLY.
# yarn lockfile v1


"@kayzmann/expo-healthkit@1.0.3":
  version "1.0.3"
  resolved "https://registry.npmjs.org/@kayzmann/expo-healthkit/-/expo-healthkit-1.0.3.tgz#991696139d48504562f092c905f5384a52f47aee"
  integrity sha512-LpOBsT0ei03z/aDZ0l5n+eMh9b9B2wk6YaorESd9T+gPafDrFuloze7QLgwdw1+GEhWc5lXFYiMc60LKflPtSg==
  dependencies:
    expo-modules-core "*"

"@kayzmann/expo-healthkit@1.0.4":
  version "1.0.4"
  resolved "https://registry.npmjs.org/@kayzmann/expo-healthkit/-/expo-healthkit-1.0.4.tgz#06e50441d153f11510d677c0671b96451a76a64f"
  integrity sha512-agRpW+LlF27Lpjg3BBJJH53YFXPFgLm2fj7/yAIvY+8bbJP+0fGGDgCSsRIps4XjgUUHtYBYjPMF4e6fTwHrLw==
  dependencies:
    "@kayzmann/expo-healthkit" "1.0.3"
    expo-modules-core "*"

expo-modules-core@*:
  version "3.0.25"
  resolved "https://registry.npmjs.org/expo-modules-core/-/expo-modules-core-3.0.25.tgz#5fc7c748fbba3d21b8b790144987074f89a2ee48"
  integrity sha512-0P8PT8UV6c5/+p8zeVM/FXvBgn/ErtGcMaasqUgbzzBUg94ktbkIrij9t9reGCrir03BYt/Bcpv+EQtYC8JOug==
  dependencies:
    invariant "^2.2.4"

invariant@^2.2.4:
  version "2.2.4"
  resolved "https://registry.npmjs.org/invariant/-/invariant-2.2.4.tgz#610f3c92c9359ce1db616e538008d23ff35158e6"
  integrity sha512-phJfQVBuaJM5raOpJjSfkiD6BpbCE4Ns//LaXl6wGYtUBY83nWS6Rf9tXm2e8VaK60JEjYldbPif/A2B1C2gNA==
  dependencies:
    loose-envify "^1.0.0"

"js-tokens@^3.0.0 || ^4.0.0":
  version "4.0.0"
  resolved "https://registry.npmjs.org/js-tokens/-/js-tokens-4.0.0.tgz#19203fb59991df98e3a287050d4647cdeaf32499"
  integrity sha512-RdJUflcE3cUzKiMqQgsCu06FPu9UdIJO0beYbPhHN4k6apgJtifcoCtT9bcxOpYBtpD2kCM6Sbzg4CausW/PKQ==

loose-envify@^1.0.0:
  version "1.4.0"
  resolved "https://registry.npmjs.org/loose-envify/-/loose-envify-1.4.0.tgz#71ee51fa7be4caec1a63839f7e682d8132d30caf"
  integrity sha512-lyuxPGr/Wfhrlem2CL/UcnUc1zcqKAImBDzukY7Y5F/yQiNdko6+fRLevlw1HgMySw7f611UIY408EtxRSoK3Q==
  dependencies:
    js-tokens "^3.0.0 || ^4.0.0"
